
Microsoft Visual Studio Solution File, Format Version 12.00
# Visual Studio Version 17
VisualStudioVersion = 17.6.33829.357
MinimumVisualStudioVersion = 10.0.40219.1
Project("{9A19103F-16F7-4668-BE54-9A1E7A4F7556}") = "DAL", "DAL\DAL.csproj", "{AD7B2A69-AB65-4E96-88C7-FF3F8B006FB7}"
EndProject
Project("{9A19103F-16F7-4668-BE54-9A1E7A4F7556}") = "DAL.Tests", "DAL.Tests\DAL.Tests.csproj", "{EFF10F22-C13E-4395-B33F-3975A853A160}"
EndProject
Project("{9A19103F-16F7-4668-BE54-9A1E7A4F7556}") = "Web", "Web\Web.csproj", "{1515CFBB-37D0-40F5-B269-F5CE3A019706}"
EndProject
Project("{FAE04EC0-301F-11D3-BF4B-00C04F79EFBC}") = "BLL", "BLL\BLL.csproj", "{05AFE748-AB66-408D-9ABF-2EBD095DA112}"
EndProject
Project("{FAE04EC0-301F-11D3-BF4B-00C04F79EFBC}") = "BLL.Tests", "BLL.Tests\BLL.Tests.csproj", "{AD879FE9-D1C8-40CD-B9D8-E36EED0CA6D8}"
EndProject
Project("{FAE04EC0-301F-11D3-BF4B-00C04F79EFBC}") = "CLL", "CLL\CLL.csproj", "{4D87CFDA-054F-4817-9A77-1D02D175872D}"
EndProject
Global
	GlobalSection(SolutionConfigurationPlatforms) = preSolution
		Debug|Any CPU = Debug|Any CPU
		Release|Any CPU = Release|Any CPU
	EndGlobalSection
	GlobalSection(ProjectConfigurationPlatforms) = postSolution
		{AD7B2A69-AB65-4E96-88C7-FF3F8B006FB7}.Debug|Any CPU.ActiveCfg = Debug|Any CPU
		{AD7B2A69-AB65-4E96-88C7-FF3F8B006FB7}.Debug|Any CPU.Build.0 = Debug|Any CPU
		{AD7B2A69-AB65-4E96-88C7-FF3F8B006FB7}.Release|Any CPU.ActiveCfg = Release|Any CPU
		{AD7B2A69-AB65-4E96-88C7-FF3F8B006FB7}.Release|Any CPU.Build.0 = Release|Any CPU
		{EFF10F22-C13E-4395-B33F-3975A853A160}.Debug|Any CPU.ActiveCfg = Debug|Any CPU
		{EFF10F22-C13E-4395-B33F-3975A853A160}.Debug|Any CPU.Build.0 = Debug|Any CPU
		{EFF10F22-C13E-4395-B33F-3975A853A160}.Release|Any CPU.ActiveCfg = Release|Any CPU
		{EFF10F22-C13E-4395-B33F-3975A853A160}.Release|Any CPU.Build.0 = Release|Any CPU
		{1515CFBB-37D0-40F5-B269-F5CE3A019706}.Debug|Any CPU.ActiveCfg = Debug|Any CPU
		{1515CFBB-37D0-40F5-B269-F5CE3A019706}.Debug|Any CPU.Build.0 = Debug|Any CPU
		{1515CFBB-37D0-40F5-B269-F5CE3A019706}.Release|Any CPU.ActiveCfg = Release|Any CPU
		{1515CFBB-37D0-40F5-B269-F5CE3A019706}.Release|Any CPU.Build.0 = Release|Any CPU
		{05AFE748-AB66-408D-9ABF-2EBD095DA112}.Debug|Any CPU.ActiveCfg = Debug|Any CPU
		{05AFE748-AB66-408D-9ABF-2EBD095DA112}.Debug|Any CPU.Build.0 = Debug|Any CPU
		{05AFE748-AB66-408D-9ABF-2EBD095DA112}.Release|Any CPU.ActiveCfg = Release|Any CPU
		{05AFE748-AB66-408D-9ABF-2EBD095DA112}.Release|Any CPU.Build.0 = Release|Any CPU
		{AD879FE9-D1C8-40CD-B9D8-E36EED0CA6D8}.Debug|Any CPU.ActiveCfg = Debug|Any CPU
		{AD879FE9-D1C8-40CD-B9D8-E36EED0CA6D8}.Debug|Any CPU.Build.0 = Debug|Any CPU
		{AD879FE9-D1C8-40CD-B9D8-E36EED0CA6D8}.Release|Any CPU.ActiveCfg = Release|Any CPU
		{AD879FE9-D1C8-40CD-B9D8-E36EED0CA6D8}.Release|Any CPU.Build.0 = Release|Any CPU
		{4D87CFDA-054F-4817-9A77-1D02D175872D}.Debug|Any CPU.ActiveCfg = Debug|Any CPU
		{4D87CFDA-054F-4817-9A77-1D02D175872D}.Debug|Any CPU.Build.0 = Debug|Any CPU
		{4D87CFDA-054F-4817-9A77-1D02D175872D}.Release|Any CPU.ActiveCfg = Release|Any CPU
		{4D87CFDA-054F-4817-9A77-1D02D175872D}.Release|Any CPU.Build.0 = Release|Any CPU
	EndGlobalSection
	GlobalSection(SolutionProperties) = preSolution
		HideSolutionNode = FALSE
	EndGlobalSection
	GlobalSection(ExtensibilityGlobals) = postSolution
		SolutionGuid = {346199C5-BC74-41D5-BF0B-D444706564E6}
	EndGlobalSection
EndGlobal
