
Microsoft Visual Studio Solution File, Format Version 12.00
# Visual Studio Version 17
VisualStudioVersion = 17.6.33829.357
MinimumVisualStudioVersion = 10.0.40219.1
Project("{FAE04EC0-301F-11D3-BF4B-00C04F79EFBC}") = "SDT", "SDT\SDT.csproj", "{8B2F2EB7-B80A-4AFB-B944-2040FA7C5EE8}"
EndProject
Global
	GlobalSection(SolutionConfigurationPlatforms) = preSolution
		Debug|Any CPU = Debug|Any CPU
		Release|Any CPU = Release|Any CPU
	EndGlobalSection
	GlobalSection(ProjectConfigurationPlatforms) = postSolution
		{8B2F2EB7-B80A-4AFB-B944-2040FA7C5EE8}.Debug|Any CPU.ActiveCfg = Debug|Any CPU
		{8B2F2EB7-B80A-4AFB-B944-2040FA7C5EE8}.Debug|Any CPU.Build.0 = Debug|Any CPU
		{8B2F2EB7-B80A-4AFB-B944-2040FA7C5EE8}.Release|Any CPU.ActiveCfg = Release|Any CPU
		{8B2F2EB7-B80A-4AFB-B944-2040FA7C5EE8}.Release|Any CPU.Build.0 = Release|Any CPU
	EndGlobalSection
	GlobalSection(SolutionProperties) = preSolution
		HideSolutionNode = FALSE
	EndGlobalSection
	GlobalSection(ExtensibilityGlobals) = postSolution
		SolutionGuid = {346199C5-BC74-41D5-BF0B-D444706564E6}
	EndGlobalSection
EndGlobal
